// !$*UTF8*$!
{
	archiveVersion = 1;
	classes = {
	};
	objectVersion = 56;
	objects = {

/* Begin PBXBuildFile section */
		DA0D8D6D2C4501CD00FEB737 /* SwiftUIIntrospect in Frameworks */ = {isa = PBXBuildFile; productRef = DA0D8D6C2C4501CD00FEB737 /* SwiftUIIntrospect */; };
		DA1FF6572C23EE68000C9768 /* CalenderView.swift in Sources */ = {isa = PBXBuildFile; fileRef = DA1FF6562C23EE68000C9768 /* CalenderView.swift */; };
		DA1FF6592C2D2AA9000C9768 /* CalendarAddView.swift in Sources */ = {isa = PBXBuildFile; fileRef = DA1FF6582C2D2AA9000C9768 /* CalendarAddView.swift */; };
		DA1FF65B2C2D2D2E000C9768 /* ContentView.swift in Sources */ = {isa = PBXBuildFile; fileRef = DA1FF65A2C2D2D2E000C9768 /* ContentView.swift */; };
		DA1FF65F2C33A2BD000C9768 /* CalendarAddTimeView.swift in Sources */ = {isa = PBXBuildFile; fileRef = DA1FF65E2C33A2BD000C9768 /* CalendarAddTimeView.swift */; };
		DA5FDF072BB4CEAA00D091B2 /* wetherAlarmApp.swift in Sources */ = {isa = PBXBuildFile; fileRef = DA5FDF062BB4CEAA00D091B2 /* wetherAlarmApp.swift */; };
		DA5FDF092BB4CEAA00D091B2 /* TopView.swift in Sources */ = {isa = PBXBuildFile; fileRef = DA5FDF082BB4CEAA00D091B2 /* TopView.swift */; };
		DA5FDF0B2BB4CEAC00D091B2 /* Assets.xcassets in Resources */ = {isa = PBXBuildFile; fileRef = DA5FDF0A2BB4CEAC00D091B2 /* Assets.xcassets */; };
		DA5FDF0E2BB4CEAC00D091B2 /* Preview Assets.xcassets in Resources */ = {isa = PBXBuildFile; fileRef = DA5FDF0D2BB4CEAC00D091B2 /* Preview Assets.xcassets */; };
		DA5FDF102BB4CEAC00D091B2 /* AlarmData.swift in Sources */ = {isa = PBXBuildFile; fileRef = DA5FDF0F2BB4CEAC00D091B2 /* AlarmData.swift */; };
		DA5FDF1D2BB677C500D091B2 /* AddAlarmView.swift in Sources */ = {isa = PBXBuildFile; fileRef = DA5FDF1C2BB677C500D091B2 /* AddAlarmView.swift */; };
		DA5FDF202BB910BD00D091B2 /* Style.swift in Sources */ = {isa = PBXBuildFile; fileRef = DA5FDF1F2BB910BD00D091B2 /* Style.swift */; };
		DA5FDF222BBA65D300D091B2 /* Alarm.swift in Sources */ = {isa = PBXBuildFile; fileRef = DA5FDF212BBA65D300D091B2 /* Alarm.swift */; };
		DA5FDF242BBBFCFF00D091B2 /* NotificationManager.swift in Sources */ = {isa = PBXBuildFile; fileRef = DA5FDF232BBBFCFF00D091B2 /* NotificationManager.swift */; };
		DAC1E2E42C4E4AEB000A8B38 /* CalendarTrashView.swift in Sources */ = {isa = PBXBuildFile; fileRef = DAC1E2E32C4E4AEB000A8B38 /* CalendarTrashView.swift */; };
		DACD34BA2BC3A1480077F923 /* EditView.swift in Sources */ = {isa = PBXBuildFile; fileRef = DACD34B92BC3A1480077F923 /* EditView.swift */; };
		DACD34BE2BC789EF0077F923 /* soundView.swift in Sources */ = {isa = PBXBuildFile; fileRef = DACD34BD2BC789EF0077F923 /* soundView.swift */; };
		DACD34C12BC8901C0077F923 /* Sound.swift in Sources */ = {isa = PBXBuildFile; fileRef = DACD34C02BC8901C0077F923 /* Sound.swift */; };
		DACD34CC2BD76BF60077F923 /* WeekPickView.swift in Sources */ = {isa = PBXBuildFile; fileRef = DACD34CB2BD76BF60077F923 /* WeekPickView.swift */; };
		DADD503C2BF71E0F00B270EB /* UserNotifications.framework in Frameworks */ = {isa = PBXBuildFile; fileRef = DADD503B2BF71E0F00B270EB /* UserNotifications.framework */; };
		DADD503E2BF71E0F00B270EB /* UserNotificationsUI.framework in Frameworks */ = {isa = PBXBuildFile; fileRef = DADD503D2BF71E0F00B270EB /* UserNotificationsUI.framework */; };
		DADD50412BF71E0F00B270EB /* NotificationViewController.swift in Sources */ = {isa = PBXBuildFile; fileRef = DADD50402BF71E0F00B270EB /* NotificationViewController.swift */; };
		DADD50442BF71E0F00B270EB /* Base in Resources */ = {isa = PBXBuildFile; fileRef = DADD50432BF71E0F00B270EB /* Base */; };
		DADD50482BF71E0F00B270EB /* NotificationContentExtension.appex in Embed Foundation Extensions */ = {isa = PBXBuildFile; fileRef = DADD50392BF71E0F00B270EB /* NotificationContentExtension.appex */; settings = {ATTRIBUTES = (RemoveHeadersOnCopy, ); }; };
		DAF73F4B2C6187A000411B0B /* コンガ.mp3 in Resources */ = {isa = PBXBuildFile; fileRef = DAF73F4A2C6187A000411B0B /* コンガ.mp3 */; };
		DAF73F532C618CD800411B0B /* 目覚まし時計１.mp3 in Resources */ = {isa = PBXBuildFile; fileRef = DAF73F522C618CD800411B0B /* 目覚まし時計１.mp3 */; };
		DAF73F552C618CDE00411B0B /* 目覚まし時計２.mp3 in Resources */ = {isa = PBXBuildFile; fileRef = DAF73F542C618CDE00411B0B /* 目覚まし時計２.mp3 */; };
/* End PBXBuildFile section */

/* Begin PBXContainerItemProxy section */
		DADD50462BF71E0F00B270EB /* PBXContainerItemProxy */ = {
			isa = PBXContainerItemProxy;
			containerPortal = DA5FDEFB2BB4CEAA00D091B2 /* Project object */;
			proxyType = 1;
			remoteGlobalIDString = DADD50382BF71E0F00B270EB;
			remoteInfo = NotificationContentExtension;
		};
/* End PBXContainerItemProxy section */

/* Begin PBXCopyFilesBuildPhase section */
		DADD50492BF71E0F00B270EB /* Embed Foundation Extensions */ = {
			isa = PBXCopyFilesBuildPhase;
			buildActionMask = 2147483647;
			dstPath = "";
			dstSubfolderSpec = 13;
			files = (
				DADD50482BF71E0F00B270EB /* NotificationContentExtension.appex in Embed Foundation Extensions */,
			);
			name = "Embed Foundation Extensions";
			runOnlyForDeploymentPostprocessing = 0;
		};
/* End PBXCopyFilesBuildPhase section */

/* Begin PBXFileReference section */
		DA1FF6562C23EE68000C9768 /* CalenderView.swift */ = {isa = PBXFileReference; lastKnownFileType = sourcecode.swift; path = CalenderView.swift; sourceTree = "<group>"; };
		DA1FF6582C2D2AA9000C9768 /* CalendarAddView.swift */ = {isa = PBXFileReference; lastKnownFileType = sourcecode.swift; path = CalendarAddView.swift; sourceTree = "<group>"; };
		DA1FF65A2C2D2D2E000C9768 /* ContentView.swift */ = {isa = PBXFileReference; lastKnownFileType = sourcecode.swift; path = ContentView.swift; sourceTree = "<group>"; };
		DA1FF65E2C33A2BD000C9768 /* CalendarAddTimeView.swift */ = {isa = PBXFileReference; lastKnownFileType = sourcecode.swift; path = CalendarAddTimeView.swift; sourceTree = "<group>"; };
		DA5FDF032BB4CEAA00D091B2 /* AlarmScheduler.app */ = {isa = PBXFileReference; explicitFileType = wrapper.application; includeInIndex = 0; path = AlarmScheduler.app; sourceTree = BUILT_PRODUCTS_DIR; };
		DA5FDF062BB4CEAA00D091B2 /* wetherAlarmApp.swift */ = {isa = PBXFileReference; lastKnownFileType = sourcecode.swift; path = wetherAlarmApp.swift; sourceTree = "<group>"; };
		DA5FDF082BB4CEAA00D091B2 /* TopView.swift */ = {isa = PBXFileReference; lastKnownFileType = sourcecode.swift; path = TopView.swift; sourceTree = "<group>"; };
		DA5FDF0A2BB4CEAC00D091B2 /* Assets.xcassets */ = {isa = PBXFileReference; lastKnownFileType = folder.assetcatalog; path = Assets.xcassets; sourceTree = "<group>"; };
		DA5FDF0D2BB4CEAC00D091B2 /* Preview Assets.xcassets */ = {isa = PBXFileReference; lastKnownFileType = folder.assetcatalog; path = "Preview Assets.xcassets"; sourceTree = "<group>"; };
		DA5FDF0F2BB4CEAC00D091B2 /* AlarmData.swift */ = {isa = PBXFileReference; lastKnownFileType = sourcecode.swift; path = AlarmData.swift; sourceTree = "<group>"; };
		DA5FDF1C2BB677C500D091B2 /* AddAlarmView.swift */ = {isa = PBXFileReference; lastKnownFileType = sourcecode.swift; path = AddAlarmView.swift; sourceTree = "<group>"; };
		DA5FDF1F2BB910BD00D091B2 /* Style.swift */ = {isa = PBXFileReference; lastKnownFileType = sourcecode.swift; path = Style.swift; sourceTree = "<group>"; };
		DA5FDF212BBA65D300D091B2 /* Alarm.swift */ = {isa = PBXFileReference; lastKnownFileType = sourcecode.swift; path = Alarm.swift; sourceTree = "<group>"; };
		DA5FDF232BBBFCFF00D091B2 /* NotificationManager.swift */ = {isa = PBXFileReference; lastKnownFileType = sourcecode.swift; path = NotificationManager.swift; sourceTree = "<group>"; };
		DAC1E2E32C4E4AEB000A8B38 /* CalendarTrashView.swift */ = {isa = PBXFileReference; lastKnownFileType = sourcecode.swift; path = CalendarTrashView.swift; sourceTree = "<group>"; };
		DACD34B92BC3A1480077F923 /* EditView.swift */ = {isa = PBXFileReference; lastKnownFileType = sourcecode.swift; path = EditView.swift; sourceTree = "<group>"; };
		DACD34BD2BC789EF0077F923 /* soundView.swift */ = {isa = PBXFileReference; lastKnownFileType = sourcecode.swift; path = soundView.swift; sourceTree = "<group>"; };
		DACD34C02BC8901C0077F923 /* Sound.swift */ = {isa = PBXFileReference; lastKnownFileType = sourcecode.swift; name = Sound.swift; path = ../Model/Sound.swift; sourceTree = "<group>"; };
		DACD34CB2BD76BF60077F923 /* WeekPickView.swift */ = {isa = PBXFileReference; lastKnownFileType = sourcecode.swift; path = WeekPickView.swift; sourceTree = "<group>"; };
		DADD50392BF71E0F00B270EB /* NotificationContentExtension.appex */ = {isa = PBXFileReference; explicitFileType = "wrapper.app-extension"; includeInIndex = 0; path = NotificationContentExtension.appex; sourceTree = BUILT_PRODUCTS_DIR; };
		DADD503B2BF71E0F00B270EB /* UserNotifications.framework */ = {isa = PBXFileReference; lastKnownFileType = wrapper.framework; name = UserNotifications.framework; path = System/Library/Frameworks/UserNotifications.framework; sourceTree = SDKROOT; };
		DADD503D2BF71E0F00B270EB /* UserNotificationsUI.framework */ = {isa = PBXFileReference; lastKnownFileType = wrapper.framework; name = UserNotificationsUI.framework; path = System/Library/Frameworks/UserNotificationsUI.framework; sourceTree = SDKROOT; };
		DADD50402BF71E0F00B270EB /* NotificationViewController.swift */ = {isa = PBXFileReference; lastKnownFileType = sourcecode.swift; path = NotificationViewController.swift; sourceTree = "<group>"; };
		DADD50432BF71E0F00B270EB /* Base */ = {isa = PBXFileReference; lastKnownFileType = file.storyboard; name = Base; path = Base.lproj/MainInterface.storyboard; sourceTree = "<group>"; };
		DADD50452BF71E0F00B270EB /* Info.plist */ = {isa = PBXFileReference; lastKnownFileType = text.plist.xml; path = Info.plist; sourceTree = "<group>"; };
		DAF73F4A2C6187A000411B0B /* コンガ.mp3 */ = {isa = PBXFileReference; lastKnownFileType = audio.mp3; name = "コンガ.mp3"; path = "../../../../Desktop/chormeから保存/コンガ.mp3"; sourceTree = "<group>"; };
		DAF73F522C618CD800411B0B /* 目覚まし時計１.mp3 */ = {isa = PBXFileReference; lastKnownFileType = audio.mp3; name = "目覚まし時計１.mp3"; path = "../../../../Desktop/chormeから保存/目覚まし時計１.mp3"; sourceTree = "<group>"; };
		DAF73F542C618CDE00411B0B /* 目覚まし時計２.mp3 */ = {isa = PBXFileReference; lastKnownFileType = audio.mp3; name = "目覚まし時計２.mp3"; path = "../../../../Desktop/chormeから保存/目覚まし時計２.mp3"; sourceTree = "<group>"; };
/* End PBXFileReference section */

/* Begin PBXFrameworksBuildPhase section */
		DA5FDF002BB4CEAA00D091B2 /* Frameworks */ = {
			isa = PBXFrameworksBuildPhase;
			buildActionMask = 2147483647;
			files = (
				DA0D8D6D2C4501CD00FEB737 /* SwiftUIIntrospect in Frameworks */,
			);
			runOnlyForDeploymentPostprocessing = 0;
		};
		DADD50362BF71E0F00B270EB /* Frameworks */ = {
			isa = PBXFrameworksBuildPhase;
			buildActionMask = 2147483647;
			files = (
				DADD503E2BF71E0F00B270EB /* UserNotificationsUI.framework in Frameworks */,
				DADD503C2BF71E0F00B270EB /* UserNotifications.framework in Frameworks */,
			);
			runOnlyForDeploymentPostprocessing = 0;
		};
/* End PBXFrameworksBuildPhase section */

/* Begin PBXGroup section */
		DA5FDEFA2BB4CEAA00D091B2 = {
			isa = PBXGroup;
			children = (
				DA5FDF052BB4CEAA00D091B2 /* AlarmScheduler */,
				DADD503F2BF71E0F00B270EB /* NotificationContentExtension */,
				DADD503A2BF71E0F00B270EB /* Frameworks */,
				DA5FDF042BB4CEAA00D091B2 /* Products */,
			);
			sourceTree = "<group>";
		};
		DA5FDF042BB4CEAA00D091B2 /* Products */ = {
			isa = PBXGroup;
			children = (
				DA5FDF032BB4CEAA00D091B2 /* AlarmScheduler.app */,
				DADD50392BF71E0F00B270EB /* NotificationContentExtension.appex */,
			);
			name = Products;
			sourceTree = "<group>";
		};
		DA5FDF052BB4CEAA00D091B2 /* AlarmScheduler */ = {
			isa = PBXGroup;
			children = (
				DACD34C22BCA437A0077F923 /* Sounds */,
				DA5FDF1E2BB910AD00D091B2 /* Style */,
				DA5FDF1A2BB4CED300D091B2 /* Model */,
				DA5FDF192BB4CEC800D091B2 /* View */,
				DA5FDF062BB4CEAA00D091B2 /* wetherAlarmApp.swift */,
				DA5FDF0A2BB4CEAC00D091B2 /* Assets.xcassets */,
				DA5FDF0C2BB4CEAC00D091B2 /* Preview Content */,
			);
			path = AlarmScheduler;
			sourceTree = "<group>";
		};
		DA5FDF0C2BB4CEAC00D091B2 /* Preview Content */ = {
			isa = PBXGroup;
			children = (
				DA5FDF0D2BB4CEAC00D091B2 /* Preview Assets.xcassets */,
			);
			path = "Preview Content";
			sourceTree = "<group>";
		};
		DA5FDF192BB4CEC800D091B2 /* View */ = {
			isa = PBXGroup;
			children = (
				DA5FDF082BB4CEAA00D091B2 /* TopView.swift */,
				DA5FDF1C2BB677C500D091B2 /* AddAlarmView.swift */,
				DACD34CB2BD76BF60077F923 /* WeekPickView.swift */,
				DA1FF65A2C2D2D2E000C9768 /* ContentView.swift */,
				DACD34B92BC3A1480077F923 /* EditView.swift */,
				DACD34BD2BC789EF0077F923 /* soundView.swift */,
				DA1FF6582C2D2AA9000C9768 /* CalendarAddView.swift */,
				DA1FF65E2C33A2BD000C9768 /* CalendarAddTimeView.swift */,
				DA1FF6562C23EE68000C9768 /* CalenderView.swift */,
				DAC1E2E32C4E4AEB000A8B38 /* CalendarTrashView.swift */,
			);
			path = View;
			sourceTree = "<group>";
		};
		DA5FDF1A2BB4CED300D091B2 /* Model */ = {
			isa = PBXGroup;
			children = (
				DA5FDF0F2BB4CEAC00D091B2 /* AlarmData.swift */,
				DA5FDF232BBBFCFF00D091B2 /* NotificationManager.swift */,
				DA5FDF212BBA65D300D091B2 /* Alarm.swift */,
			);
			path = Model;
			sourceTree = "<group>";
		};
		DA5FDF1E2BB910AD00D091B2 /* Style */ = {
			isa = PBXGroup;
			children = (
				DA5FDF1F2BB910BD00D091B2 /* Style.swift */,
			);
			path = Style;
			sourceTree = "<group>";
		};
		DACD34C22BCA437A0077F923 /* Sounds */ = {
			isa = PBXGroup;
			children = (
				DACD34C02BC8901C0077F923 /* Sound.swift */,
				DAF73F522C618CD800411B0B /* 目覚まし時計１.mp3 */,
				DAF73F542C618CDE00411B0B /* 目覚まし時計２.mp3 */,
				DAF73F4A2C6187A000411B0B /* コンガ.mp3 */,
			);
			path = Sounds;
			sourceTree = "<group>";
		};
		DADD503A2BF71E0F00B270EB /* Frameworks */ = {
			isa = PBXGroup;
			children = (
				DADD503B2BF71E0F00B270EB /* UserNotifications.framework */,
				DADD503D2BF71E0F00B270EB /* UserNotificationsUI.framework */,
			);
			name = Frameworks;
			sourceTree = "<group>";
		};
		DADD503F2BF71E0F00B270EB /* NotificationContentExtension */ = {
			isa = PBXGroup;
			children = (
				DADD50402BF71E0F00B270EB /* NotificationViewController.swift */,
				DADD50422BF71E0F00B270EB /* MainInterface.storyboard */,
				DADD50452BF71E0F00B270EB /* Info.plist */,
			);
			path = NotificationContentExtension;
			sourceTree = "<group>";
		};
/* End PBXGroup section */

/* Begin PBXNativeTarget section */
		DA5FDF022BB4CEAA00D091B2 /* AlarmScheduler */ = {
			isa = PBXNativeTarget;
			buildConfigurationList = DA5FDF162BB4CEAC00D091B2 /* Build configuration list for PBXNativeTarget "AlarmScheduler" */;
			buildPhases = (
				DA5FDEFF2BB4CEAA00D091B2 /* Sources */,
				DA5FDF002BB4CEAA00D091B2 /* Frameworks */,
				DA5FDF012BB4CEAA00D091B2 /* Resources */,
				DADD50492BF71E0F00B270EB /* Embed Foundation Extensions */,
			);
			buildRules = (
			);
			dependencies = (
				DADD50472BF71E0F00B270EB /* PBXTargetDependency */,
			);
			name = AlarmScheduler;
			packageProductDependencies = (
				DA0D8D6C2C4501CD00FEB737 /* SwiftUIIntrospect */,
			);
			productName = wetherAlarm;
			productReference = DA5FDF032BB4CEAA00D091B2 /* AlarmScheduler.app */;
			productType = "com.apple.product-type.application";
		};
		DADD50382BF71E0F00B270EB /* NotificationContentExtension */ = {
			isa = PBXNativeTarget;
			buildConfigurationList = DADD504C2BF71E0F00B270EB /* Build configuration list for PBXNativeTarget "NotificationContentExtension" */;
			buildPhases = (
				DADD50352BF71E0F00B270EB /* Sources */,
				DADD50362BF71E0F00B270EB /* Frameworks */,
				DADD50372BF71E0F00B270EB /* Resources */,
			);
			buildRules = (
			);
			dependencies = (
			);
			name = NotificationContentExtension;
			productName = NotificationContentExtension;
			productReference = DADD50392BF71E0F00B270EB /* NotificationContentExtension.appex */;
			productType = "com.apple.product-type.app-extension";
		};
/* End PBXNativeTarget section */

/* Begin PBXProject section */
		DA5FDEFB2BB4CEAA00D091B2 /* Project object */ = {
			isa = PBXProject;
			attributes = {
				BuildIndependentTargetsInParallel = 1;
				LastSwiftUpdateCheck = 1540;
				LastUpgradeCheck = 1530;
				TargetAttributes = {
					DA5FDF022BB4CEAA00D091B2 = {
						CreatedOnToolsVersion = 15.3;
					};
					DADD50382BF71E0F00B270EB = {
						CreatedOnToolsVersion = 15.4;
					};
				};
			};
			buildConfigurationList = DA5FDEFE2BB4CEAA00D091B2 /* Build configuration list for PBXProject "AlarmScheduler" */;
			compatibilityVersion = "Xcode 14.0";
			developmentRegion = en;
			hasScannedForEncodings = 0;
			knownRegions = (
				en,
				Base,
			);
			mainGroup = DA5FDEFA2BB4CEAA00D091B2;
			packageReferences = (
				DAA728402C44FF2B00B646A6 /* XCRemoteSwiftPackageReference "swiftui-introspect" */,
			);
			productRefGroup = DA5FDF042BB4CEAA00D091B2 /* Products */;
			projectDirPath = "";
			projectRoot = "";
			targets = (
				DA5FDF022BB4CEAA00D091B2 /* AlarmScheduler */,
				DADD50382BF71E0F00B270EB /* NotificationContentExtension */,
			);
		};
/* End PBXProject section */

/* Begin PBXResourcesBuildPhase section */
		DA5FDF012BB4CEAA00D091B2 /* Resources */ = {
			isa = PBXResourcesBuildPhase;
			buildActionMask = 2147483647;
			files = (
				DAF73F4B2C6187A000411B0B /* コンガ.mp3 in Resources */,
				DAF73F552C618CDE00411B0B /* 目覚まし時計２.mp3 in Resources */,
				DAF73F532C618CD800411B0B /* 目覚まし時計１.mp3 in Resources */,
				DA5FDF0E2BB4CEAC00D091B2 /* Preview Assets.xcassets in Resources */,
				DA5FDF0B2BB4CEAC00D091B2 /* Assets.xcassets in Resources */,
			);
			runOnlyForDeploymentPostprocessing = 0;
		};
		DADD50372BF71E0F00B270EB /* Resources */ = {
			isa = PBXResourcesBuildPhase;
			buildActionMask = 2147483647;
			files = (
				DADD50442BF71E0F00B270EB /* Base in Resources */,
			);
			runOnlyForDeploymentPostprocessing = 0;
		};
/* End PBXResourcesBuildPhase section */

/* Begin PBXSourcesBuildPhase section */
		DA5FDEFF2BB4CEAA00D091B2 /* Sources */ = {
			isa = PBXSourcesBuildPhase;
			buildActionMask = 2147483647;
			files = (
				DACD34CC2BD76BF60077F923 /* WeekPickView.swift in Sources */,
				DA5FDF1D2BB677C500D091B2 /* AddAlarmView.swift in Sources */,
				DA1FF65F2C33A2BD000C9768 /* CalendarAddTimeView.swift in Sources */,
				DA1FF65B2C2D2D2E000C9768 /* ContentView.swift in Sources */,
				DA1FF6572C23EE68000C9768 /* CalenderView.swift in Sources */,
				DA5FDF242BBBFCFF00D091B2 /* NotificationManager.swift in Sources */,
				DACD34BA2BC3A1480077F923 /* EditView.swift in Sources */,
				DA1FF6592C2D2AA9000C9768 /* CalendarAddView.swift in Sources */,
				DA5FDF202BB910BD00D091B2 /* Style.swift in Sources */,
				DAC1E2E42C4E4AEB000A8B38 /* CalendarTrashView.swift in Sources */,
				DA5FDF102BB4CEAC00D091B2 /* AlarmData.swift in Sources */,
				DACD34C12BC8901C0077F923 /* Sound.swift in Sources */,
				DA5FDF092BB4CEAA00D091B2 /* TopView.swift in Sources */,
				DA5FDF072BB4CEAA00D091B2 /* wetherAlarmApp.swift in Sources */,
				DA5FDF222BBA65D300D091B2 /* Alarm.swift in Sources */,
				DACD34BE2BC789EF0077F923 /* soundView.swift in Sources */,
			);
			runOnlyForDeploymentPostprocessing = 0;
		};
		DADD50352BF71E0F00B270EB /* Sources */ = {
			isa = PBXSourcesBuildPhase;
			buildActionMask = 2147483647;
			files = (
				DADD50412BF71E0F00B270EB /* NotificationViewController.swift in Sources */,
			);
			runOnlyForDeploymentPostprocessing = 0;
		};
/* End PBXSourcesBuildPhase section */

/* Begin PBXTargetDependency section */
		DADD50472BF71E0F00B270EB /* PBXTargetDependency */ = {
			isa = PBXTargetDependency;
			target = DADD50382BF71E0F00B270EB /* NotificationContentExtension */;
			targetProxy = DADD50462BF71E0F00B270EB /* PBXContainerItemProxy */;
		};
/* End PBXTargetDependency section */

/* Begin PBXVariantGroup section */
		DADD50422BF71E0F00B270EB /* MainInterface.storyboard */ = {
			isa = PBXVariantGroup;
			children = (
				DADD50432BF71E0F00B270EB /* Base */,
			);
			name = MainInterface.storyboard;
			sourceTree = "<group>";
		};
/* End PBXVariantGroup section */

/* Begin XCBuildConfiguration section */
		DA5FDF142BB4CEAC00D091B2 /* Debug */ = {
			isa = XCBuildConfiguration;
			buildSettings = {
				ALWAYS_SEARCH_USER_PATHS = NO;
				ASSETCATALOG_COMPILER_GENERATE_SWIFT_ASSET_SYMBOL_EXTENSIONS = YES;
				CLANG_ANALYZER_NONNULL = YES;
				CLANG_ANALYZER_NUMBER_OBJECT_CONVERSION = YES_AGGRESSIVE;
				CLANG_CXX_LANGUAGE_STANDARD = "gnu++20";
				CLANG_ENABLE_MODULES = YES;
				CLANG_ENABLE_OBJC_ARC = YES;
				CLANG_ENABLE_OBJC_WEAK = YES;
				CLANG_WARN_BLOCK_CAPTURE_AUTORELEASING = YES;
				CLANG_WARN_BOOL_CONVERSION = YES;
				CLANG_WARN_COMMA = YES;
				CLANG_WARN_CONSTANT_CONVERSION = YES;
				CLANG_WARN_DEPRECATED_OBJC_IMPLEMENTATIONS = YES;
				CLANG_WARN_DIRECT_OBJC_ISA_USAGE = YES_ERROR;
				CLANG_WARN_DOCUMENTATION_COMMENTS = YES;
				CLANG_WARN_EMPTY_BODY = YES;
				CLANG_WARN_ENUM_CONVERSION = YES;
				CLANG_WARN_INFINITE_RECURSION = YES;
				CLANG_WARN_INT_CONVERSION = YES;
				CLANG_WARN_NON_LITERAL_NULL_CONVERSION = YES;
				CLANG_WARN_OBJC_IMPLICIT_RETAIN_SELF = YES;
				CLANG_WARN_OBJC_LITERAL_CONVERSION = YES;
				CLANG_WARN_OBJC_ROOT_CLASS = YES_ERROR;
				CLANG_WARN_QUOTED_INCLUDE_IN_FRAMEWORK_HEADER = YES;
				CLANG_WARN_RANGE_LOOP_ANALYSIS = YES;
				CLANG_WARN_STRICT_PROTOTYPES = YES;
				CLANG_WARN_SUSPICIOUS_MOVE = YES;
				CLANG_WARN_UNGUARDED_AVAILABILITY = YES_AGGRESSIVE;
				CLANG_WARN_UNREACHABLE_CODE = YES;
				CLANG_WARN__DUPLICATE_METHOD_MATCH = YES;
				COPY_PHASE_STRIP = NO;
				DEBUG_INFORMATION_FORMAT = dwarf;
				ENABLE_STRICT_OBJC_MSGSEND = YES;
				ENABLE_TESTABILITY = YES;
				ENABLE_USER_SCRIPT_SANDBOXING = YES;
				GCC_C_LANGUAGE_STANDARD = gnu17;
				GCC_DYNAMIC_NO_PIC = NO;
				GCC_NO_COMMON_BLOCKS = YES;
				GCC_OPTIMIZATION_LEVEL = 0;
				GCC_PREPROCESSOR_DEFINITIONS = (
					"DEBUG=1",
					"$(inherited)",
				);
				GCC_WARN_64_TO_32_BIT_CONVERSION = YES;
				GCC_WARN_ABOUT_RETURN_TYPE = YES_ERROR;
				GCC_WARN_UNDECLARED_SELECTOR = YES;
				GCC_WARN_UNINITIALIZED_AUTOS = YES_AGGRESSIVE;
				GCC_WARN_UNUSED_FUNCTION = YES;
				GCC_WARN_UNUSED_VARIABLE = YES;
				IPHONEOS_DEPLOYMENT_TARGET = 17.4;
				LOCALIZATION_PREFERS_STRING_CATALOGS = YES;
				MTL_ENABLE_DEBUG_INFO = INCLUDE_SOURCE;
				MTL_FAST_MATH = YES;
				ONLY_ACTIVE_ARCH = YES;
				SDKROOT = iphoneos;
				SWIFT_ACTIVE_COMPILATION_CONDITIONS = "DEBUG $(inherited)";
				SWIFT_OPTIMIZATION_LEVEL = "-Onone";
			};
			name = Debug;
		};
		DA5FDF152BB4CEAC00D091B2 /* Release */ = {
			isa = XCBuildConfiguration;
			buildSettings = {
				ALWAYS_SEARCH_USER_PATHS = NO;
				ASSETCATALOG_COMPILER_GENERATE_SWIFT_ASSET_SYMBOL_EXTENSIONS = YES;
				CLANG_ANALYZER_NONNULL = YES;
				CLANG_ANALYZER_NUMBER_OBJECT_CONVERSION = YES_AGGRESSIVE;
				CLANG_CXX_LANGUAGE_STANDARD = "gnu++20";
				CLANG_ENABLE_MODULES = YES;
				CLANG_ENABLE_OBJC_ARC = YES;
				CLANG_ENABLE_OBJC_WEAK = YES;
				CLANG_WARN_BLOCK_CAPTURE_AUTORELEASING = YES;
				CLANG_WARN_BOOL_CONVERSION = YES;
				CLANG_WARN_COMMA = YES;
				CLANG_WARN_CONSTANT_CONVERSION = YES;
				CLANG_WARN_DEPRECATED_OBJC_IMPLEMENTATIONS = YES;
				CLANG_WARN_DIRECT_OBJC_ISA_USAGE = YES_ERROR;
				CLANG_WARN_DOCUMENTATION_COMMENTS = YES;
				CLANG_WARN_EMPTY_BODY = YES;
				CLANG_WARN_ENUM_CONVERSION = YES;
				CLANG_WARN_INFINITE_RECURSION = YES;
				CLANG_WARN_INT_CONVERSION = YES;
				CLANG_WARN_NON_LITERAL_NULL_CONVERSION = YES;
				CLANG_WARN_OBJC_IMPLICIT_RETAIN_SELF = YES;
				CLANG_WARN_OBJC_LITERAL_CONVERSION = YES;
				CLANG_WARN_OBJC_ROOT_CLASS = YES_ERROR;
				CLANG_WARN_QUOTED_INCLUDE_IN_FRAMEWORK_HEADER = YES;
				CLANG_WARN_RANGE_LOOP_ANALYSIS = YES;
				CLANG_WARN_STRICT_PROTOTYPES = YES;
				CLANG_WARN_SUSPICIOUS_MOVE = YES;
				CLANG_WARN_UNGUARDED_AVAILABILITY = YES_AGGRESSIVE;
				CLANG_WARN_UNREACHABLE_CODE = YES;
				CLANG_WARN__DUPLICATE_METHOD_MATCH = YES;
				COPY_PHASE_STRIP = NO;
				DEBUG_INFORMATION_FORMAT = "dwarf-with-dsym";
				ENABLE_NS_ASSERTIONS = NO;
				ENABLE_STRICT_OBJC_MSGSEND = YES;
				ENABLE_USER_SCRIPT_SANDBOXING = YES;
				GCC_C_LANGUAGE_STANDARD = gnu17;
				GCC_NO_COMMON_BLOCKS = YES;
				GCC_WARN_64_TO_32_BIT_CONVERSION = YES;
				GCC_WARN_ABOUT_RETURN_TYPE = YES_ERROR;
				GCC_WARN_UNDECLARED_SELECTOR = YES;
				GCC_WARN_UNINITIALIZED_AUTOS = YES_AGGRESSIVE;
				GCC_WARN_UNUSED_FUNCTION = YES;
				GCC_WARN_UNUSED_VARIABLE = YES;
				IPHONEOS_DEPLOYMENT_TARGET = 17.4;
				LOCALIZATION_PREFERS_STRING_CATALOGS = YES;
				MTL_ENABLE_DEBUG_INFO = NO;
				MTL_FAST_MATH = YES;
				SDKROOT = iphoneos;
				SWIFT_COMPILATION_MODE = wholemodule;
				VALIDATE_PRODUCT = YES;
			};
			name = Release;
		};
		DA5FDF172BB4CEAC00D091B2 /* Debug */ = {
			isa = XCBuildConfiguration;
			buildSettings = {
				ALWAYS_EMBED_SWIFT_STANDARD_LIBRARIES = YES;
				ASSETCATALOG_COMPILER_APPICON_NAME = AppIcon;
				ASSETCATALOG_COMPILER_GLOBAL_ACCENT_COLOR_NAME = AccentColor;
				CODE_SIGN_STYLE = Automatic;
				CURRENT_PROJECT_VERSION = 1;
				DEVELOPMENT_ASSET_PATHS = "\"AlarmScheduler/Preview Content\"";
				DEVELOPMENT_TEAM = 2YZ2G5T53G;
				ENABLE_PREVIEWS = YES;
				GENERATE_INFOPLIST_FILE = YES;
				INFOPLIST_KEY_UIApplicationSceneManifest_Generation = YES;
				INFOPLIST_KEY_UIApplicationSupportsIndirectInputEvents = YES;
				INFOPLIST_KEY_UILaunchScreen_Generation = YES;
				INFOPLIST_KEY_UISupportedInterfaceOrientations_iPad = "UIInterfaceOrientationPortrait UIInterfaceOrientationPortraitUpsideDown UIInterfaceOrientationLandscapeLeft UIInterfaceOrientationLandscapeRight";
				INFOPLIST_KEY_UISupportedInterfaceOrientations_iPhone = "UIInterfaceOrientationPortrait UIInterfaceOrientationLandscapeLeft UIInterfaceOrientationLandscapeRight";
				LD_RUNPATH_SEARCH_PATHS = (
					"$(inherited)",
					"@executable_path/Frameworks",
				);
				MARKETING_VERSION = 1.0;
				PRODUCT_BUNDLE_IDENTIFIER = com.webseisakumonkey.wetherAlarm;
				PRODUCT_NAME = "$(TARGET_NAME)";
				SWIFT_EMIT_LOC_STRINGS = YES;
				SWIFT_VERSION = 5.0;
				TARGETED_DEVICE_FAMILY = "1,2";
			};
			name = Debug;
		};
		DA5FDF182BB4CEAC00D091B2 /* Release */ = {
			isa = XCBuildConfiguration;
			buildSettings = {
				ALWAYS_EMBED_SWIFT_STANDARD_LIBRARIES = YES;
				ASSETCATALOG_COMPILER_APPICON_NAME = AppIcon;
				ASSETCATALOG_COMPILER_GLOBAL_ACCENT_COLOR_NAME = AccentColor;
				CODE_SIGN_STYLE = Automatic;
				CURRENT_PROJECT_VERSION = 1;
				DEVELOPMENT_ASSET_PATHS = "\"AlarmScheduler/Preview Content\"";
				DEVELOPMENT_TEAM = 2YZ2G5T53G;
				ENABLE_PREVIEWS = YES;
				GENERATE_INFOPLIST_FILE = YES;
				INFOPLIST_KEY_UIApplicationSceneManifest_Generation = YES;
				INFOPLIST_KEY_UIApplicationSupportsIndirectInputEvents = YES;
				INFOPLIST_KEY_UILaunchScreen_Generation = YES;
				INFOPLIST_KEY_UISupportedInterfaceOrientations_iPad = "UIInterfaceOrientationPortrait UIInterfaceOrientationPortraitUpsideDown UIInterfaceOrientationLandscapeLeft UIInterfaceOrientationLandscapeRight";
				INFOPLIST_KEY_UISupportedInterfaceOrientations_iPhone = "UIInterfaceOrientationPortrait UIInterfaceOrientationLandscapeLeft UIInterfaceOrientationLandscapeRight";
				LD_RUNPATH_SEARCH_PATHS = (
					"$(inherited)",
					"@executable_path/Frameworks",
				);
				MARKETING_VERSION = 1.0;
				PRODUCT_BUNDLE_IDENTIFIER = com.webseisakumonkey.wetherAlarm;
				PRODUCT_NAME = "$(TARGET_NAME)";
				SWIFT_EMIT_LOC_STRINGS = YES;
				SWIFT_VERSION = 5.0;
				TARGETED_DEVICE_FAMILY = "1,2";
			};
			name = Release;
		};
		DADD504A2BF71E0F00B270EB /* Debug */ = {
			isa = XCBuildConfiguration;
			buildSettings = {
				CODE_SIGN_STYLE = Automatic;
				CURRENT_PROJECT_VERSION = 1;
				DEVELOPMENT_TEAM = 2YZ2G5T53G;
				GENERATE_INFOPLIST_FILE = YES;
				INFOPLIST_FILE = NotificationContentExtension/Info.plist;
				INFOPLIST_KEY_CFBundleDisplayName = NotificationContentExtension;
				INFOPLIST_KEY_NSHumanReadableCopyright = "";
				IPHONEOS_DEPLOYMENT_TARGET = 17.5;
				LD_RUNPATH_SEARCH_PATHS = (
					"$(inherited)",
					"@executable_path/Frameworks",
					"@executable_path/../../Frameworks",
				);
				MARKETING_VERSION = 1.0;
				PRODUCT_BUNDLE_IDENTIFIER = com.webseisakumonkey.wetherAlarm.NotificationContentExtension;
				PRODUCT_NAME = "$(TARGET_NAME)";
				SKIP_INSTALL = YES;
				SWIFT_EMIT_LOC_STRINGS = YES;
				SWIFT_VERSION = 5.0;
				TARGETED_DEVICE_FAMILY = "1,2";
			};
			name = Debug;
		};
		DADD504B2BF71E0F00B270EB /* Release */ = {
			isa = XCBuildConfiguration;
			buildSettings = {
				CODE_SIGN_STYLE = Automatic;
				CURRENT_PROJECT_VERSION = 1;
				DEVELOPMENT_TEAM = 2YZ2G5T53G;
				GENERATE_INFOPLIST_FILE = YES;
				INFOPLIST_FILE = NotificationContentExtension/Info.plist;
				INFOPLIST_KEY_CFBundleDisplayName = NotificationContentExtension;
				INFOPLIST_KEY_NSHumanReadableCopyright = "";
				IPHONEOS_DEPLOYMENT_TARGET = 17.5;
				LD_RUNPATH_SEARCH_PATHS = (
					"$(inherited)",
					"@executable_path/Frameworks",
					"@executable_path/../../Frameworks",
				);
				MARKETING_VERSION = 1.0;
				PRODUCT_BUNDLE_IDENTIFIER = com.webseisakumonkey.wetherAlarm.NotificationContentExtension;
				PRODUCT_NAME = "$(TARGET_NAME)";
				SKIP_INSTALL = YES;
				SWIFT_EMIT_LOC_STRINGS = YES;
				SWIFT_VERSION = 5.0;
				TARGETED_DEVICE_FAMILY = "1,2";
			};
			name = Release;
		};
/* End XCBuildConfiguration section */

/* Begin XCConfigurationList section */
		DA5FDEFE2BB4CEAA00D091B2 /* Build configuration list for PBXProject "AlarmScheduler" */ = {
			isa = XCConfigurationList;
			buildConfigurations = (
				DA5FDF142BB4CEAC00D091B2 /* Debug */,
				DA5FDF152BB4CEAC00D091B2 /* Release */,
			);
			defaultConfigurationIsVisible = 0;
			defaultConfigurationName = Release;
		};
		DA5FDF162BB4CEAC00D091B2 /* Build configuration list for PBXNativeTarget "AlarmScheduler" */ = {
			isa = XCConfigurationList;
			buildConfigurations = (
				DA5FDF172BB4CEAC00D091B2 /* Debug */,
				DA5FDF182BB4CEAC00D091B2 /* Release */,
			);
			defaultConfigurationIsVisible = 0;
			defaultConfigurationName = Release;
		};
		DADD504C2BF71E0F00B270EB /* Build configuration list for PBXNativeTarget "NotificationContentExtension" */ = {
			isa = XCConfigurationList;
			buildConfigurations = (
				DADD504A2BF71E0F00B270EB /* Debug */,
				DADD504B2BF71E0F00B270EB /* Release */,
			);
			defaultConfigurationIsVisible = 0;
			defaultConfigurationName = Release;
		};
/* End XCConfigurationList section */

/* Begin XCRemoteSwiftPackageReference section */
		DAA728402C44FF2B00B646A6 /* XCRemoteSwiftPackageReference "swiftui-introspect" */ = {
			isa = XCRemoteSwiftPackageReference;
			repositoryURL = "https://github.com/siteline/swiftui-introspect.git";
			requirement = {
				kind = upToNextMajorVersion;
				minimumVersion = 1.2.0;
			};
		};
/* End XCRemoteSwiftPackageReference section */

/* Begin XCSwiftPackageProductDependency section */
		DA0D8D6C2C4501CD00FEB737 /* SwiftUIIntrospect */ = {
			isa = XCSwiftPackageProductDependency;
			package = DAA728402C44FF2B00B646A6 /* XCRemoteSwiftPackageReference "swiftui-introspect" */;
			productName = SwiftUIIntrospect;
		};
/* End XCSwiftPackageProductDependency section */
	};
	rootObject = DA5FDEFB2BB4CEAA00D091B2 /* Project object */;
}
